
Microsoft Visual Studio Solution File, Format Version 12.00
# Visual Studio Version 17
VisualStudioVersion = 17.6.33723.286
MinimumVisualStudioVersion = 10.0.40219.1
Project("{9A19103F-16F7-4668-BE54-9A1E7A4F7556}") = "BookyApp", "BookyApp\BookyApp.csproj", "{DEF07A21-FA04-47A2-AAF2-8F8ACFC27979}"
EndProject
Project("{FAE04EC0-301F-11D3-BF4B-00C04F79EFBC}") = "Booky_Temp", "Booky_Temp\Booky_Temp.csproj", "{AA85BA01-1DD1-4FD6-8B9F-22E551912EBF}"
EndProject
Global
	GlobalSection(SolutionConfigurationPlatforms) = preSolution
		Debug|Any CPU = Debug|Any CPU
		Release|Any CPU = Release|Any CPU
	EndGlobalSection
	GlobalSection(ProjectConfigurationPlatforms) = postSolution
		{DEF07A21-FA04-47A2-AAF2-8F8ACFC27979}.Debug|Any CPU.ActiveCfg = Debug|Any CPU
		{DEF07A21-FA04-47A2-AAF2-8F8ACFC27979}.Debug|Any CPU.Build.0 = Debug|Any CPU
		{DEF07A21-FA04-47A2-AAF2-8F8ACFC27979}.Release|Any CPU.ActiveCfg = Release|Any CPU
		{DEF07A21-FA04-47A2-AAF2-8F8ACFC27979}.Release|Any CPU.Build.0 = Release|Any CPU
		{AA85BA01-1DD1-4FD6-8B9F-22E551912EBF}.Debug|Any CPU.ActiveCfg = Debug|Any CPU
		{AA85BA01-1DD1-4FD6-8B9F-22E551912EBF}.Debug|Any CPU.Build.0 = Debug|Any CPU
		{AA85BA01-1DD1-4FD6-8B9F-22E551912EBF}.Release|Any CPU.ActiveCfg = Release|Any CPU
		{AA85BA01-1DD1-4FD6-8B9F-22E551912EBF}.Release|Any CPU.Build.0 = Release|Any CPU
	EndGlobalSection
	GlobalSection(SolutionProperties) = preSolution
		HideSolutionNode = FALSE
	EndGlobalSection
	GlobalSection(ExtensibilityGlobals) = postSolution
		SolutionGuid = {1A745562-A507-43C7-9B47-D206A4020CBE}
	EndGlobalSection
EndGlobal
